
Microsoft Visual Studio Solution File, Format Version 12.00
# Visual Studio Version 17
VisualStudioVersion = 17.11.35312.102
MinimumVisualStudioVersion = 10.0.40219.1
Project("{FAE04EC0-301F-11D3-BF4B-00C04F79EFBC}") = "W5-List-2", "W5-List-2\W5-List-2.csproj", "{ECB164CF-9B3C-4BC3-9207-2B7DE1EF2D53}"
EndProject
Global
	GlobalSection(SolutionConfigurationPlatforms) = preSolution
		Debug|Any CPU = Debug|Any CPU
		Release|Any CPU = Release|Any CPU
	EndGlobalSection
	GlobalSection(ProjectConfigurationPlatforms) = postSolution
		{ECB164CF-9B3C-4BC3-9207-2B7DE1EF2D53}.Debug|Any CPU.ActiveCfg = Debug|Any CPU
		{ECB164CF-9B3C-4BC3-9207-2B7DE1EF2D53}.Debug|Any CPU.Build.0 = Debug|Any CPU
		{ECB164CF-9B3C-4BC3-9207-2B7DE1EF2D53}.Release|Any CPU.ActiveCfg = Release|Any CPU
		{ECB164CF-9B3C-4BC3-9207-2B7DE1EF2D53}.Release|Any CPU.Build.0 = Release|Any CPU
	EndGlobalSection
	GlobalSection(SolutionProperties) = preSolution
		HideSolutionNode = FALSE
	EndGlobalSection
	GlobalSection(ExtensibilityGlobals) = postSolution
		SolutionGuid = {541F99E2-06DB-4389-ACD2-6DBE56F453A3}
	EndGlobalSection
EndGlobal
